
Microsoft Visual Studio Solution File, Format Version 12.00
# Visual Studio Version 17
VisualStudioVersion = 17.2.32526.322
MinimumVisualStudioVersion = 10.0.40219.1
Project("{FAE04EC0-301F-11D3-BF4B-00C04F79EFBC}") = "Aula02", "Aula02\Aula02.csproj", "{EC3300A0-0419-46A2-8DCE-CC6221705C8D}"
EndProject
Global
	GlobalSection(SolutionConfigurationPlatforms) = preSolution
		Debug|Any CPU = Debug|Any CPU
		Release|Any CPU = Release|Any CPU
	EndGlobalSection
	GlobalSection(ProjectConfigurationPlatforms) = postSolution
		{EC3300A0-0419-46A2-8DCE-CC6221705C8D}.Debug|Any CPU.ActiveCfg = Debug|Any CPU
		{EC3300A0-0419-46A2-8DCE-CC6221705C8D}.Debug|Any CPU.Build.0 = Debug|Any CPU
		{EC3300A0-0419-46A2-8DCE-CC6221705C8D}.Release|Any CPU.ActiveCfg = Release|Any CPU
		{EC3300A0-0419-46A2-8DCE-CC6221705C8D}.Release|Any CPU.Build.0 = Release|Any CPU
	EndGlobalSection
	GlobalSection(SolutionProperties) = preSolution
		HideSolutionNode = FALSE
	EndGlobalSection
	GlobalSection(ExtensibilityGlobals) = postSolution
		SolutionGuid = {815FFE3C-21A7-4FCF-BA6C-ED568A556309}
	EndGlobalSection
EndGlobal
