
Microsoft Visual Studio Solution File, Format Version 12.00
# Visual Studio Version 17
VisualStudioVersion = 17.2.32526.322
MinimumVisualStudioVersion = 10.0.40219.1
Project("{FAE04EC0-301F-11D3-BF4B-00C04F79EFBC}") = "Exercício01", "Exercício01\Exercício01.csproj", "{3D86BC97-4BB2-41B6-818E-7314D104417A}"
EndProject
Project("{FAE04EC0-301F-11D3-BF4B-00C04F79EFBC}") = "Exercício02", "Exercício02\Exercício02.csproj", "{CA93582D-0265-466D-AFF2-58962C3D02B4}"
EndProject
Project("{FAE04EC0-301F-11D3-BF4B-00C04F79EFBC}") = "Exercício03", "Exercício03\Exercício03.csproj", "{D5DAEE2A-983B-41D9-89E9-B5AC9D34D00F}"
EndProject
Project("{FAE04EC0-301F-11D3-BF4B-00C04F79EFBC}") = "Exercício04", "Exercício04\Exercício04.csproj", "{7463DFFF-7118-4C0E-AC9C-9DA2B8212E3E}"
EndProject
Global
	GlobalSection(SolutionConfigurationPlatforms) = preSolution
		Debug|Any CPU = Debug|Any CPU
		Release|Any CPU = Release|Any CPU
	EndGlobalSection
	GlobalSection(ProjectConfigurationPlatforms) = postSolution
		{3D86BC97-4BB2-41B6-818E-7314D104417A}.Debug|Any CPU.ActiveCfg = Debug|Any CPU
		{3D86BC97-4BB2-41B6-818E-7314D104417A}.Debug|Any CPU.Build.0 = Debug|Any CPU
		{3D86BC97-4BB2-41B6-818E-7314D104417A}.Release|Any CPU.ActiveCfg = Release|Any CPU
		{3D86BC97-4BB2-41B6-818E-7314D104417A}.Release|Any CPU.Build.0 = Release|Any CPU
		{CA93582D-0265-466D-AFF2-58962C3D02B4}.Debug|Any CPU.ActiveCfg = Debug|Any CPU
		{CA93582D-0265-466D-AFF2-58962C3D02B4}.Debug|Any CPU.Build.0 = Debug|Any CPU
		{CA93582D-0265-466D-AFF2-58962C3D02B4}.Release|Any CPU.ActiveCfg = Release|Any CPU
		{CA93582D-0265-466D-AFF2-58962C3D02B4}.Release|Any CPU.Build.0 = Release|Any CPU
		{D5DAEE2A-983B-41D9-89E9-B5AC9D34D00F}.Debug|Any CPU.ActiveCfg = Debug|Any CPU
		{D5DAEE2A-983B-41D9-89E9-B5AC9D34D00F}.Debug|Any CPU.Build.0 = Debug|Any CPU
		{D5DAEE2A-983B-41D9-89E9-B5AC9D34D00F}.Release|Any CPU.ActiveCfg = Release|Any CPU
		{D5DAEE2A-983B-41D9-89E9-B5AC9D34D00F}.Release|Any CPU.Build.0 = Release|Any CPU
		{7463DFFF-7118-4C0E-AC9C-9DA2B8212E3E}.Debug|Any CPU.ActiveCfg = Debug|Any CPU
		{7463DFFF-7118-4C0E-AC9C-9DA2B8212E3E}.Debug|Any CPU.Build.0 = Debug|Any CPU
		{7463DFFF-7118-4C0E-AC9C-9DA2B8212E3E}.Release|Any CPU.ActiveCfg = Release|Any CPU
		{7463DFFF-7118-4C0E-AC9C-9DA2B8212E3E}.Release|Any CPU.Build.0 = Release|Any CPU
	EndGlobalSection
	GlobalSection(SolutionProperties) = preSolution
		HideSolutionNode = FALSE
	EndGlobalSection
	GlobalSection(ExtensibilityGlobals) = postSolution
		SolutionGuid = {4D9DA0F0-00C8-43CE-AB86-1ADD292FEA94}
	EndGlobalSection
EndGlobal
