
Microsoft Visual Studio Solution File, Format Version 12.00
# Visual Studio Version 17
VisualStudioVersion = 17.2.32526.322
MinimumVisualStudioVersion = 10.0.40219.1
Project("{FAE04EC0-301F-11D3-BF4B-00C04F79EFBC}") = "Exercício01", "Exercício01\Exercício01.csproj", "{C244E63F-CDE6-4D92-942E-2A1BEBE5203E}"
EndProject
Project("{FAE04EC0-301F-11D3-BF4B-00C04F79EFBC}") = "Exercício02", "Exercício02\Exercício02.csproj", "{F30527A9-D1CD-44DE-B9B3-1F64FA809DDF}"
EndProject
Project("{FAE04EC0-301F-11D3-BF4B-00C04F79EFBC}") = "Exercício03", "Exercício03\Exercício03.csproj", "{13FDD505-DD84-494F-A211-4207F724D5B9}"
EndProject
Global
	GlobalSection(SolutionConfigurationPlatforms) = preSolution
		Debug|Any CPU = Debug|Any CPU
		Release|Any CPU = Release|Any CPU
	EndGlobalSection
	GlobalSection(ProjectConfigurationPlatforms) = postSolution
		{C244E63F-CDE6-4D92-942E-2A1BEBE5203E}.Debug|Any CPU.ActiveCfg = Debug|Any CPU
		{C244E63F-CDE6-4D92-942E-2A1BEBE5203E}.Debug|Any CPU.Build.0 = Debug|Any CPU
		{C244E63F-CDE6-4D92-942E-2A1BEBE5203E}.Release|Any CPU.ActiveCfg = Release|Any CPU
		{C244E63F-CDE6-4D92-942E-2A1BEBE5203E}.Release|Any CPU.Build.0 = Release|Any CPU
		{F30527A9-D1CD-44DE-B9B3-1F64FA809DDF}.Debug|Any CPU.ActiveCfg = Debug|Any CPU
		{F30527A9-D1CD-44DE-B9B3-1F64FA809DDF}.Debug|Any CPU.Build.0 = Debug|Any CPU
		{F30527A9-D1CD-44DE-B9B3-1F64FA809DDF}.Release|Any CPU.ActiveCfg = Release|Any CPU
		{F30527A9-D1CD-44DE-B9B3-1F64FA809DDF}.Release|Any CPU.Build.0 = Release|Any CPU
		{13FDD505-DD84-494F-A211-4207F724D5B9}.Debug|Any CPU.ActiveCfg = Debug|Any CPU
		{13FDD505-DD84-494F-A211-4207F724D5B9}.Debug|Any CPU.Build.0 = Debug|Any CPU
		{13FDD505-DD84-494F-A211-4207F724D5B9}.Release|Any CPU.ActiveCfg = Release|Any CPU
		{13FDD505-DD84-494F-A211-4207F724D5B9}.Release|Any CPU.Build.0 = Release|Any CPU
	EndGlobalSection
	GlobalSection(SolutionProperties) = preSolution
		HideSolutionNode = FALSE
	EndGlobalSection
	GlobalSection(ExtensibilityGlobals) = postSolution
		SolutionGuid = {5929DC6F-E557-4843-8858-E29669698A99}
	EndGlobalSection
EndGlobal
